
Microsoft Visual Studio Solution File, Format Version 12.00
# Visual Studio Version 17
VisualStudioVersion = 17.11.35208.52
MinimumVisualStudioVersion = 10.0.40219.1
Project("{9A19103F-16F7-4668-BE54-9A1E7A4F7556}") = "MomoAPI", "MomoAPI.csproj", "{043E9EB7-F4BD-421D-9DCF-08739939E203}"
EndProject
Project("{9A19103F-16F7-4668-BE54-9A1E7A4F7556}") = "MomoAPI.Test", "..\MomoAPI.Test\MomoAPI.Test.csproj", "{24723A54-7F10-4B10-BE03-EDAA792B8EA7}"
EndProject
Global
	GlobalSection(SolutionConfigurationPlatforms) = preSolution
		Debug|Any CPU = Debug|Any CPU
		Release|Any CPU = Release|Any CPU
	EndGlobalSection
	GlobalSection(ProjectConfigurationPlatforms) = postSolution
		{043E9EB7-F4BD-421D-9DCF-08739939E203}.Debug|Any CPU.ActiveCfg = Debug|Any CPU
		{043E9EB7-F4BD-421D-9DCF-08739939E203}.Debug|Any CPU.Build.0 = Debug|Any CPU
		{043E9EB7-F4BD-421D-9DCF-08739939E203}.Release|Any CPU.ActiveCfg = Release|Any CPU
		{043E9EB7-F4BD-421D-9DCF-08739939E203}.Release|Any CPU.Build.0 = Release|Any CPU
		{24723A54-7F10-4B10-BE03-EDAA792B8EA7}.Debug|Any CPU.ActiveCfg = Debug|Any CPU
		{24723A54-7F10-4B10-BE03-EDAA792B8EA7}.Debug|Any CPU.Build.0 = Debug|Any CPU
		{24723A54-7F10-4B10-BE03-EDAA792B8EA7}.Release|Any CPU.ActiveCfg = Release|Any CPU
		{24723A54-7F10-4B10-BE03-EDAA792B8EA7}.Release|Any CPU.Build.0 = Release|Any CPU
	EndGlobalSection
	GlobalSection(SolutionProperties) = preSolution
		HideSolutionNode = FALSE
	EndGlobalSection
	GlobalSection(ExtensibilityGlobals) = postSolution
		SolutionGuid = {361409BC-777A-4FD6-9B20-EF57473CB325}
	EndGlobalSection
EndGlobal
